// !$*UTF8*$!
{
	archiveVersion = 1;
	classes = {
	};
	objectVersion = 46;
	objects = {

/* Begin PBXBuildFile section */
		8C28B0FE1CCEEF2B004A6030 /* README.md in Sources */ = {isa = PBXBuildFile; fileRef = 8C28B0FD1CCEEF2B004A6030 /* README.md */; };
		8CEDDDCB1CCDF8B1007CCBD8 /* AppDelegate.swift in Sources */ = {isa = PBXBuildFile; fileRef = 8CEDDDCA1CCDF8B1007CCBD8 /* AppDelegate.swift */; };
		8CEDDDD01CCDF8B1007CCBD8 /* Main.storyboard in Resources */ = {isa = PBXBuildFile; fileRef = 8CEDDDCE1CCDF8B1007CCBD8 /* Main.storyboard */; };
		8CEDDDD21CCDF8B1007CCBD8 /* Assets.xcassets in Resources */ = {isa = PBXBuildFile; fileRef = 8CEDDDD11CCDF8B1007CCBD8 /* Assets.xcassets */; };
		8CEDDDD51CCDF8B1007CCBD8 /* LaunchScreen.storyboard in Resources */ = {isa = PBXBuildFile; fileRef = 8CEDDDD31CCDF8B1007CCBD8 /* LaunchScreen.storyboard */; };
		8CEDDDE01CCDF8B1007CCBD8 /* CalcinatorTests.swift in Sources */ = {isa = PBXBuildFile; fileRef = 8CEDDDDF1CCDF8B1007CCBD8 /* CalcinatorTests.swift */; };
		8CEDDDEB1CCDF8B1007CCBD8 /* CalcinatorUITests.swift in Sources */ = {isa = PBXBuildFile; fileRef = 8CEDDDEA1CCDF8B1007CCBD8 /* CalcinatorUITests.swift */; };
		8CEDDDFC1CCDFB23007CCBD8 /* CalcinatorViewController.swift in Sources */ = {isa = PBXBuildFile; fileRef = 8CEDDDFB1CCDFB23007CCBD8 /* CalcinatorViewController.swift */; };
		8CEDDDFD1CCDFB23007CCBD8 /* CalcinatorViewController.swift in Sources */ = {isa = PBXBuildFile; fileRef = 8CEDDDFB1CCDFB23007CCBD8 /* CalcinatorViewController.swift */; };
		8CEDDDFF1CCDFC84007CCBD8 /* Calculator.swift in Sources */ = {isa = PBXBuildFile; fileRef = 8CEDDDFE1CCDFC84007CCBD8 /* Calculator.swift */; };
		8CEDDE001CCDFC84007CCBD8 /* Calculator.swift in Sources */ = {isa = PBXBuildFile; fileRef = 8CEDDDFE1CCDFC84007CCBD8 /* Calculator.swift */; };
/* End PBXBuildFile section */

/* Begin PBXContainerItemProxy section */
		8CEDDDDC1CCDF8B1007CCBD8 /* PBXContainerItemProxy */ = {
			isa = PBXContainerItemProxy;
			containerPortal = 8CEDDDBF1CCDF8B1007CCBD8 /* Project object */;
			proxyType = 1;
			remoteGlobalIDString = 8CEDDDC61CCDF8B1007CCBD8;
			remoteInfo = Calcinator;
		};
		8CEDDDE71CCDF8B1007CCBD8 /* PBXContainerItemProxy */ = {
			isa = PBXContainerItemProxy;
			containerPortal = 8CEDDDBF1CCDF8B1007CCBD8 /* Project object */;
			proxyType = 1;
			remoteGlobalIDString = 8CEDDDC61CCDF8B1007CCBD8;
			remoteInfo = Calcinator;
		};
/* End PBXContainerItemProxy section */

/* Begin PBXFileReference section */
		8C28B0FD1CCEEF2B004A6030 /* README.md */ = {isa = PBXFileReference; fileEncoding = 4; lastKnownFileType = net.daringfireball.markdown; path = README.md; sourceTree = "<group>"; };
		8CEDDDC71CCDF8B1007CCBD8 /* Calcinator.app */ = {isa = PBXFileReference; explicitFileType = wrapper.application; includeInIndex = 0; path = Calcinator.app; sourceTree = BUILT_PRODUCTS_DIR; };
		8CEDDDCA1CCDF8B1007CCBD8 /* AppDelegate.swift */ = {isa = PBXFileReference; lastKnownFileType = sourcecode.swift; path = AppDelegate.swift; sourceTree = "<group>"; };
		8CEDDDCF1CCDF8B1007CCBD8 /* Base */ = {isa = PBXFileReference; lastKnownFileType = file.storyboard; name = Base; path = Base.lproj/Main.storyboard; sourceTree = "<group>"; };
		8CEDDDD11CCDF8B1007CCBD8 /* Assets.xcassets */ = {isa = PBXFileReference; lastKnownFileType = folder.assetcatalog; path = Assets.xcassets; sourceTree = "<group>"; };
		8CEDDDD41CCDF8B1007CCBD8 /* Base */ = {isa = PBXFileReference; lastKnownFileType = file.storyboard; name = Base; path = Base.lproj/LaunchScreen.storyboard; sourceTree = "<group>"; };
		8CEDDDD61CCDF8B1007CCBD8 /* Info.plist */ = {isa = PBXFileReference; lastKnownFileType = text.plist.xml; path = Info.plist; sourceTree = "<group>"; };
		8CEDDDDB1CCDF8B1007CCBD8 /* CalcinatorTests.xctest */ = {isa = PBXFileReference; explicitFileType = wrapper.cfbundle; includeInIndex = 0; path = CalcinatorTests.xctest; sourceTree = BUILT_PRODUCTS_DIR; };
		8CEDDDDF1CCDF8B1007CCBD8 /* CalcinatorTests.swift */ = {isa = PBXFileReference; lastKnownFileType = sourcecode.swift; path = CalcinatorTests.swift; sourceTree = "<group>"; };
		8CEDDDE11CCDF8B1007CCBD8 /* Info.plist */ = {isa = PBXFileReference; lastKnownFileType = text.plist.xml; path = Info.plist; sourceTree = "<group>"; };
		8CEDDDE61CCDF8B1007CCBD8 /* CalcinatorUITests.xctest */ = {isa = PBXFileReference; explicitFileType = wrapper.cfbundle; includeInIndex = 0; path = CalcinatorUITests.xctest; sourceTree = BUILT_PRODUCTS_DIR; };
		8CEDDDEA1CCDF8B1007CCBD8 /* CalcinatorUITests.swift */ = {isa = PBXFileReference; lastKnownFileType = sourcecode.swift; path = CalcinatorUITests.swift; sourceTree = "<group>"; };
		8CEDDDEC1CCDF8B1007CCBD8 /* Info.plist */ = {isa = PBXFileReference; lastKnownFileType = text.plist.xml; path = Info.plist; sourceTree = "<group>"; };
		8CEDDDFB1CCDFB23007CCBD8 /* CalcinatorViewController.swift */ = {isa = PBXFileReference; fileEncoding = 4; lastKnownFileType = sourcecode.swift; path = CalcinatorViewController.swift; sourceTree = "<group>"; };
		8CEDDDFE1CCDFC84007CCBD8 /* Calculator.swift */ = {isa = PBXFileReference; fileEncoding = 4; lastKnownFileType = sourcecode.swift; path = Calculator.swift; sourceTree = "<group>"; };
		8CF1D8A41CD813D400130A08 /* Lab.playground */ = {isa = PBXFileReference; lastKnownFileType = file.playground; path = Lab.playground; sourceTree = "<group>"; };
/* End PBXFileReference section */

/* Begin PBXFrameworksBuildPhase section */
		8CEDDDC41CCDF8B1007CCBD8 /* Frameworks */ = {
			isa = PBXFrameworksBuildPhase;
			buildActionMask = 2147483647;
			files = (
			);
			runOnlyForDeploymentPostprocessing = 0;
		};
		8CEDDDD81CCDF8B1007CCBD8 /* Frameworks */ = {
			isa = PBXFrameworksBuildPhase;
			buildActionMask = 2147483647;
			files = (
			);
			runOnlyForDeploymentPostprocessing = 0;
		};
		8CEDDDE31CCDF8B1007CCBD8 /* Frameworks */ = {
			isa = PBXFrameworksBuildPhase;
			buildActionMask = 2147483647;
			files = (
			);
			runOnlyForDeploymentPostprocessing = 0;
		};
/* End PBXFrameworksBuildPhase section */

/* Begin PBXGroup section */
		8C28B0FC1CCEEEB5004A6030 /* Supporting Files */ = {
			isa = PBXGroup;
			children = (
				8CEDDDD61CCDF8B1007CCBD8 /* Info.plist */,
				8CEDDDCA1CCDF8B1007CCBD8 /* AppDelegate.swift */,
				8CEDDDD11CCDF8B1007CCBD8 /* Assets.xcassets */,
				8C28B0FD1CCEEF2B004A6030 /* README.md */,
			);
			name = "Supporting Files";
			path = Calcinator;
			sourceTree = "<group>";
		};
		8CEDDDBE1CCDF8B1007CCBD8 = {
			isa = PBXGroup;
			children = (
				8CF1D8A41CD813D400130A08 /* Lab.playground */,
				8CEDDDC91CCDF8B1007CCBD8 /* Calcinator */,
				8C28B0FC1CCEEEB5004A6030 /* Supporting Files */,
				8CEDDDDE1CCDF8B1007CCBD8 /* CalcinatorTests */,
				8CEDDDE91CCDF8B1007CCBD8 /* CalcinatorUITests */,
				8CEDDDC81CCDF8B1007CCBD8 /* Products */,
			);
			sourceTree = "<group>";
		};
		8CEDDDC81CCDF8B1007CCBD8 /* Products */ = {
			isa = PBXGroup;
			children = (
				8CEDDDC71CCDF8B1007CCBD8 /* Calcinator.app */,
				8CEDDDDB1CCDF8B1007CCBD8 /* CalcinatorTests.xctest */,
				8CEDDDE61CCDF8B1007CCBD8 /* CalcinatorUITests.xctest */,
			);
			name = Products;
			sourceTree = "<group>";
		};
		8CEDDDC91CCDF8B1007CCBD8 /* Calcinator */ = {
			isa = PBXGroup;
			children = (
				8CEDDDFA1CCDF8DC007CCBD8 /* Model */,
				8CEDDDF91CCDF8DA007CCBD8 /* Controller */,
				8CEDDDF81CCDF8D6007CCBD8 /* View */,
			);
			path = Calcinator;
			sourceTree = "<group>";
		};
		8CEDDDDE1CCDF8B1007CCBD8 /* CalcinatorTests */ = {
			isa = PBXGroup;
			children = (
				8CEDDDDF1CCDF8B1007CCBD8 /* CalcinatorTests.swift */,
				8CEDDDE11CCDF8B1007CCBD8 /* Info.plist */,
			);
			path = CalcinatorTests;
			sourceTree = "<group>";
		};
		8CEDDDE91CCDF8B1007CCBD8 /* CalcinatorUITests */ = {
			isa = PBXGroup;
			children = (
				8CEDDDEA1CCDF8B1007CCBD8 /* CalcinatorUITests.swift */,
				8CEDDDEC1CCDF8B1007CCBD8 /* Info.plist */,
			);
			path = CalcinatorUITests;
			sourceTree = "<group>";
		};
		8CEDDDF81CCDF8D6007CCBD8 /* View */ = {
			isa = PBXGroup;
			children = (
				8CEDDDD31CCDF8B1007CCBD8 /* LaunchScreen.storyboard */,
				8CEDDDCE1CCDF8B1007CCBD8 /* Main.storyboard */,
			);
			name = View;
			sourceTree = "<group>";
		};
		8CEDDDF91CCDF8DA007CCBD8 /* Controller */ = {
			isa = PBXGroup;
			children = (
				8CEDDDFB1CCDFB23007CCBD8 /* CalcinatorViewController.swift */,
			);
			name = Controller;
			sourceTree = "<group>";
		};
		8CEDDDFA1CCDF8DC007CCBD8 /* Model */ = {
			isa = PBXGroup;
			children = (
				8CEDDDFE1CCDFC84007CCBD8 /* Calculator.swift */,
			);
			name = Model;
			sourceTree = "<group>";
		};
/* End PBXGroup section */

/* Begin PBXNativeTarget section */
		8CEDDDC61CCDF8B1007CCBD8 /* Calcinator */ = {
			isa = PBXNativeTarget;
			buildConfigurationList = 8CEDDDEF1CCDF8B1007CCBD8 /* Build configuration list for PBXNativeTarget "Calcinator" */;
			buildPhases = (
				8CEDDDC31CCDF8B1007CCBD8 /* Sources */,
				8CEDDDC41CCDF8B1007CCBD8 /* Frameworks */,
				8CEDDDC51CCDF8B1007CCBD8 /* Resources */,
			);
			buildRules = (
			);
			dependencies = (
			);
			name = Calcinator;
			productName = Calcinator;
			productReference = 8CEDDDC71CCDF8B1007CCBD8 /* Calcinator.app */;
			productType = "com.apple.product-type.application";
		};
		8CEDDDDA1CCDF8B1007CCBD8 /* CalcinatorTests */ = {
			isa = PBXNativeTarget;
			buildConfigurationList = 8CEDDDF21CCDF8B1007CCBD8 /* Build configuration list for PBXNativeTarget "CalcinatorTests" */;
			buildPhases = (
				8CEDDDD71CCDF8B1007CCBD8 /* Sources */,
				8CEDDDD81CCDF8B1007CCBD8 /* Frameworks */,
				8CEDDDD91CCDF8B1007CCBD8 /* Resources */,
			);
			buildRules = (
			);
			dependencies = (
				8CEDDDDD1CCDF8B1007CCBD8 /* PBXTargetDependency */,
			);
			name = CalcinatorTests;
			productName = CalcinatorTests;
			productReference = 8CEDDDDB1CCDF8B1007CCBD8 /* CalcinatorTests.xctest */;
			productType = "com.apple.product-type.bundle.unit-test";
		};
		8CEDDDE51CCDF8B1007CCBD8 /* CalcinatorUITests */ = {
			isa = PBXNativeTarget;
			buildConfigurationList = 8CEDDDF51CCDF8B1007CCBD8 /* Build configuration list for PBXNativeTarget "CalcinatorUITests" */;
			buildPhases = (
				8CEDDDE21CCDF8B1007CCBD8 /* Sources */,
				8CEDDDE31CCDF8B1007CCBD8 /* Frameworks */,
				8CEDDDE41CCDF8B1007CCBD8 /* Resources */,
			);
			buildRules = (
			);
			dependencies = (
				8CEDDDE81CCDF8B1007CCBD8 /* PBXTargetDependency */,
			);
			name = CalcinatorUITests;
			productName = CalcinatorUITests;
			productReference = 8CEDDDE61CCDF8B1007CCBD8 /* CalcinatorUITests.xctest */;
			productType = "com.apple.product-type.bundle.ui-testing";
		};
/* End PBXNativeTarget section */

/* Begin PBXProject section */
		8CEDDDBF1CCDF8B1007CCBD8 /* Project object */ = {
			isa = PBXProject;
			attributes = {
				LastSwiftUpdateCheck = 0730;
				LastUpgradeCheck = 0730;
				ORGANIZATIONNAME = "Eric Mentele";
				TargetAttributes = {
					8CEDDDC61CCDF8B1007CCBD8 = {
						CreatedOnToolsVersion = 7.3;
					};
					8CEDDDDA1CCDF8B1007CCBD8 = {
						CreatedOnToolsVersion = 7.3;
						TestTargetID = 8CEDDDC61CCDF8B1007CCBD8;
					};
					8CEDDDE51CCDF8B1007CCBD8 = {
						CreatedOnToolsVersion = 7.3;
						TestTargetID = 8CEDDDC61CCDF8B1007CCBD8;
					};
				};
			};
			buildConfigurationList = 8CEDDDC21CCDF8B1007CCBD8 /* Build configuration list for PBXProject "Calcinator" */;
			compatibilityVersion = "Xcode 3.2";
			developmentRegion = English;
			hasScannedForEncodings = 0;
			knownRegions = (
				en,
				Base,
			);
			mainGroup = 8CEDDDBE1CCDF8B1007CCBD8;
			productRefGroup = 8CEDDDC81CCDF8B1007CCBD8 /* Products */;
			projectDirPath = "";
			projectRoot = "";
			targets = (
				8CEDDDC61CCDF8B1007CCBD8 /* Calcinator */,
				8CEDDDDA1CCDF8B1007CCBD8 /* CalcinatorTests */,
				8CEDDDE51CCDF8B1007CCBD8 /* CalcinatorUITests */,
			);
		};
/* End PBXProject section */

/* Begin PBXResourcesBuildPhase section */
		8CEDDDC51CCDF8B1007CCBD8 /* Resources */ = {
			isa = PBXResourcesBuildPhase;
			buildActionMask = 2147483647;
			files = (
				8CEDDDD51CCDF8B1007CCBD8 /* LaunchScreen.storyboard in Resources */,
				8CEDDDD21CCDF8B1007CCBD8 /* Assets.xcassets in Resources */,
				8CEDDDD01CCDF8B1007CCBD8 /* Main.storyboard in Resources */,
			);
			runOnlyForDeploymentPostprocessing = 0;
		};
		8CEDDDD91CCDF8B1007CCBD8 /* Resources */ = {
			isa = PBXResourcesBuildPhase;
			buildActionMask = 2147483647;
			files = (
			);
			runOnlyForDeploymentPostprocessing = 0;
		};
		8CEDDDE41CCDF8B1007CCBD8 /* Resources */ = {
			isa = PBXResourcesBuildPhase;
			buildActionMask = 2147483647;
			files = (
			);
			runOnlyForDeploymentPostprocessing = 0;
		};
/* End PBXResourcesBuildPhase section */

/* Begin PBXSourcesBuildPhase section */
		8CEDDDC31CCDF8B1007CCBD8 /* Sources */ = {
			isa = PBXSourcesBuildPhase;
			buildActionMask = 2147483647;
			files = (
				8CEDDDFC1CCDFB23007CCBD8 /* CalcinatorViewController.swift in Sources */,
				8CEDDDCB1CCDF8B1007CCBD8 /* AppDelegate.swift in Sources */,
				8C28B0FE1CCEEF2B004A6030 /* README.md in Sources */,
				8CEDDDFF1CCDFC84007CCBD8 /* Calculator.swift in Sources */,
			);
			runOnlyForDeploymentPostprocessing = 0;
		};
		8CEDDDD71CCDF8B1007CCBD8 /* Sources */ = {
			isa = PBXSourcesBuildPhase;
			buildActionMask = 2147483647;
			files = (
				8CEDDDFD1CCDFB23007CCBD8 /* CalcinatorViewController.swift in Sources */,
				8CEDDDE01CCDF8B1007CCBD8 /* CalcinatorTests.swift in Sources */,
				8CEDDE001CCDFC84007CCBD8 /* Calculator.swift in Sources */,
			);
			runOnlyForDeploymentPostprocessing = 0;
		};
		8CEDDDE21CCDF8B1007CCBD8 /* Sources */ = {
			isa = PBXSourcesBuildPhase;
			buildActionMask = 2147483647;
			files = (
				8CEDDDEB1CCDF8B1007CCBD8 /* CalcinatorUITests.swift in Sources */,
			);
			runOnlyForDeploymentPostprocessing = 0;
		};
/* End PBXSourcesBuildPhase section */

/* Begin PBXTargetDependency section */
		8CEDDDDD1CCDF8B1007CCBD8 /* PBXTargetDependency */ = {
			isa = PBXTargetDependency;
			target = 8CEDDDC61CCDF8B1007CCBD8 /* Calcinator */;
			targetProxy = 8CEDDDDC1CCDF8B1007CCBD8 /* PBXContainerItemProxy */;
		};
		8CEDDDE81CCDF8B1007CCBD8 /* PBXTargetDependency */ = {
			isa = PBXTargetDependency;
			target = 8CEDDDC61CCDF8B1007CCBD8 /* Calcinator */;
			targetProxy = 8CEDDDE71CCDF8B1007CCBD8 /* PBXContainerItemProxy */;
		};
/* End PBXTargetDependency section */

/* Begin PBXVariantGroup section */
		8CEDDDCE1CCDF8B1007CCBD8 /* Main.storyboard */ = {
			isa = PBXVariantGroup;
			children = (
				8CEDDDCF1CCDF8B1007CCBD8 /* Base */,
			);
			name = Main.storyboard;
			sourceTree = "<group>";
		};
		8CEDDDD31CCDF8B1007CCBD8 /* LaunchScreen.storyboard */ = {
			isa = PBXVariantGroup;
			children = (
				8CEDDDD41CCDF8B1007CCBD8 /* Base */,
			);
			name = LaunchScreen.storyboard;
			sourceTree = "<group>";
		};
/* End PBXVariantGroup section */

/* Begin XCBuildConfiguration section */
		8CEDDDED1CCDF8B1007CCBD8 /* Debug */ = {
			isa = XCBuildConfiguration;
			buildSettings = {
				ALWAYS_SEARCH_USER_PATHS = NO;
				CLANG_ANALYZER_NONNULL = YES;
				CLANG_CXX_LANGUAGE_STANDARD = "gnu++0x";
				CLANG_CXX_LIBRARY = "libc++";
				CLANG_ENABLE_MODULES = YES;
				CLANG_ENABLE_OBJC_ARC = YES;
				CLANG_WARN_BOOL_CONVERSION = YES;
				CLANG_WARN_CONSTANT_CONVERSION = YES;
				CLANG_WARN_DIRECT_OBJC_ISA_USAGE = YES_ERROR;
				CLANG_WARN_EMPTY_BODY = YES;
				CLANG_WARN_ENUM_CONVERSION = YES;
				CLANG_WARN_INT_CONVERSION = YES;
				CLANG_WARN_OBJC_ROOT_CLASS = YES_ERROR;
				CLANG_WARN_UNREACHABLE_CODE = YES;
				CLANG_WARN__DUPLICATE_METHOD_MATCH = YES;
				"CODE_SIGN_IDENTITY[sdk=iphoneos*]" = "iPhone Developer";
				COPY_PHASE_STRIP = NO;
				DEBUG_INFORMATION_FORMAT = dwarf;
				ENABLE_STRICT_OBJC_MSGSEND = YES;
				ENABLE_TESTABILITY = YES;
				GCC_C_LANGUAGE_STANDARD = gnu99;
				GCC_DYNAMIC_NO_PIC = NO;
				GCC_NO_COMMON_BLOCKS = YES;
				GCC_OPTIMIZATION_LEVEL = 0;
				GCC_PREPROCESSOR_DEFINITIONS = (
					"DEBUG=1",
					"$(inherited)",
				);
				GCC_WARN_64_TO_32_BIT_CONVERSION = YES;
				GCC_WARN_ABOUT_RETURN_TYPE = YES_ERROR;
				GCC_WARN_UNDECLARED_SELECTOR = YES;
				GCC_WARN_UNINITIALIZED_AUTOS = YES_AGGRESSIVE;
				GCC_WARN_UNUSED_FUNCTION = YES;
				GCC_WARN_UNUSED_VARIABLE = YES;
				IPHONEOS_DEPLOYMENT_TARGET = 9.3;
				MTL_ENABLE_DEBUG_INFO = YES;
				ONLY_ACTIVE_ARCH = YES;
				SDKROOT = iphoneos;
				SWIFT_OPTIMIZATION_LEVEL = "-Onone";
				TARGETED_DEVICE_FAMILY = "1,2";
			};
			name = Debug;
		};
		8CEDDDEE1CCDF8B1007CCBD8 /* Release */ = {
			isa = XCBuildConfiguration;
			buildSettings = {
				ALWAYS_SEARCH_USER_PATHS = NO;
				CLANG_ANALYZER_NONNULL = YES;
				CLANG_CXX_LANGUAGE_STANDARD = "gnu++0x";
				CLANG_CXX_LIBRARY = "libc++";
				CLANG_ENABLE_MODULES = YES;
				CLANG_ENABLE_OBJC_ARC = YES;
				CLANG_WARN_BOOL_CONVERSION = YES;
				CLANG_WARN_CONSTANT_CONVERSION = YES;
				CLANG_WARN_DIRECT_OBJC_ISA_USAGE = YES_ERROR;
				CLANG_WARN_EMPTY_BODY = YES;
				CLANG_WARN_ENUM_CONVERSION = YES;
				CLANG_WARN_INT_CONVERSION = YES;
				CLANG_WARN_OBJC_ROOT_CLASS = YES_ERROR;
				CLANG_WARN_UNREACHABLE_CODE = YES;
				CLANG_WARN__DUPLICATE_METHOD_MATCH = YES;
				"CODE_SIGN_IDENTITY[sdk=iphoneos*]" = "iPhone Developer";
				COPY_PHASE_STRIP = NO;
				DEBUG_INFORMATION_FORMAT = "dwarf-with-dsym";
				ENABLE_NS_ASSERTIONS = NO;
				ENABLE_STRICT_OBJC_MSGSEND = YES;
				GCC_C_LANGUAGE_STANDARD = gnu99;
				GCC_NO_COMMON_BLOCKS = YES;
				GCC_WARN_64_TO_32_BIT_CONVERSION = YES;
				GCC_WARN_ABOUT_RETURN_TYPE = YES_ERROR;
				GCC_WARN_UNDECLARED_SELECTOR = YES;
				GCC_WARN_UNINITIALIZED_AUTOS = YES_AGGRESSIVE;
				GCC_WARN_UNUSED_FUNCTION = YES;
				GCC_WARN_UNUSED_VARIABLE = YES;
				IPHONEOS_DEPLOYMENT_TARGET = 9.3;
				MTL_ENABLE_DEBUG_INFO = NO;
				SDKROOT = iphoneos;
				TARGETED_DEVICE_FAMILY = "1,2";
				VALIDATE_PRODUCT = YES;
			};
			name = Release;
		};
		8CEDDDF01CCDF8B1007CCBD8 /* Debug */ = {
			isa = XCBuildConfiguration;
			buildSettings = {
				ASSETCATALOG_COMPILER_APPICON_NAME = AppIcon;
				INFOPLIST_FILE = Calcinator/Info.plist;
				LD_RUNPATH_SEARCH_PATHS = "$(inherited) @executable_path/Frameworks";
				PRODUCT_BUNDLE_IDENTIFIER = com.ericmentele.Calcinator;
				PRODUCT_NAME = "$(TARGET_NAME)";
			};
			name = Debug;
		};
		8CEDDDF11CCDF8B1007CCBD8 /* Release */ = {
			isa = XCBuildConfiguration;
			buildSettings = {
				ASSETCATALOG_COMPILER_APPICON_NAME = AppIcon;
				INFOPLIST_FILE = Calcinator/Info.plist;
				LD_RUNPATH_SEARCH_PATHS = "$(inherited) @executable_path/Frameworks";
				PRODUCT_BUNDLE_IDENTIFIER = com.ericmentele.Calcinator;
				PRODUCT_NAME = "$(TARGET_NAME)";
			};
			name = Release;
		};
		8CEDDDF31CCDF8B1007CCBD8 /* Debug */ = {
			isa = XCBuildConfiguration;
			buildSettings = {
				BUNDLE_LOADER = "$(TEST_HOST)";
				INFOPLIST_FILE = CalcinatorTests/Info.plist;
				LD_RUNPATH_SEARCH_PATHS = "$(inherited) @executable_path/Frameworks @loader_path/Frameworks";
				PRODUCT_BUNDLE_IDENTIFIER = com.ericmentele.CalcinatorTests;
				PRODUCT_NAME = "$(TARGET_NAME)";
				TEST_HOST = "$(BUILT_PRODUCTS_DIR)/Calcinator.app/Calcinator";
			};
			name = Debug;
		};
		8CEDDDF41CCDF8B1007CCBD8 /* Release */ = {
			isa = XCBuildConfiguration;
			buildSettings = {
				BUNDLE_LOADER = "$(TEST_HOST)";
				INFOPLIST_FILE = CalcinatorTests/Info.plist;
				LD_RUNPATH_SEARCH_PATHS = "$(inherited) @executable_path/Frameworks @loader_path/Frameworks";
				PRODUCT_BUNDLE_IDENTIFIER = com.ericmentele.CalcinatorTests;
				PRODUCT_NAME = "$(TARGET_NAME)";
				TEST_HOST = "$(BUILT_PRODUCTS_DIR)/Calcinator.app/Calcinator";
			};
			name = Release;
		};
		8CEDDDF61CCDF8B1007CCBD8 /* Debug */ = {
			isa = XCBuildConfiguration;
			buildSettings = {
				INFOPLIST_FILE = CalcinatorUITests/Info.plist;
				LD_RUNPATH_SEARCH_PATHS = "$(inherited) @executable_path/Frameworks @loader_path/Frameworks";
				PRODUCT_BUNDLE_IDENTIFIER = com.ericmentele.CalcinatorUITests;
				PRODUCT_NAME = "$(TARGET_NAME)";
				TEST_TARGET_NAME = Calcinator;
			};
			name = Debug;
		};
		8CEDDDF71CCDF8B1007CCBD8 /* Release */ = {
			isa = XCBuildConfiguration;
			buildSettings = {
				INFOPLIST_FILE = CalcinatorUITests/Info.plist;
				LD_RUNPATH_SEARCH_PATHS = "$(inherited) @executable_path/Frameworks @loader_path/Frameworks";
				PRODUCT_BUNDLE_IDENTIFIER = com.ericmentele.CalcinatorUITests;
				PRODUCT_NAME = "$(TARGET_NAME)";
				TEST_TARGET_NAME = Calcinator;
			};
			name = Release;
		};
/* End XCBuildConfiguration section */

/* Begin XCConfigurationList section */
		8CEDDDC21CCDF8B1007CCBD8 /* Build configuration list for PBXProject "Calcinator" */ = {
			isa = XCConfigurationList;
			buildConfigurations = (
				8CEDDDED1CCDF8B1007CCBD8 /* Debug */,
				8CEDDDEE1CCDF8B1007CCBD8 /* Release */,
			);
			defaultConfigurationIsVisible = 0;
			defaultConfigurationName = Release;
		};
		8CEDDDEF1CCDF8B1007CCBD8 /* Build configuration list for PBXNativeTarget "Calcinator" */ = {
			isa = XCConfigurationList;
			buildConfigurations = (
				8CEDDDF01CCDF8B1007CCBD8 /* Debug */,
				8CEDDDF11CCDF8B1007CCBD8 /* Release */,
			);
			defaultConfigurationIsVisible = 0;
			defaultConfigurationName = Release;
		};
		8CEDDDF21CCDF8B1007CCBD8 /* Build configuration list for PBXNativeTarget "CalcinatorTests" */ = {
			isa = XCConfigurationList;
			buildConfigurations = (
				8CEDDDF31CCDF8B1007CCBD8 /* Debug */,
				8CEDDDF41CCDF8B1007CCBD8 /* Release */,
			);
			defaultConfigurationIsVisible = 0;
			defaultConfigurationName = Release;
		};
		8CEDDDF51CCDF8B1007CCBD8 /* Build configuration list for PBXNativeTarget "CalcinatorUITests" */ = {
			isa = XCConfigurationList;
			buildConfigurations = (
				8CEDDDF61CCDF8B1007CCBD8 /* Debug */,
				8CEDDDF71CCDF8B1007CCBD8 /* Release */,
			);
			defaultConfigurationIsVisible = 0;
			defaultConfigurationName = Release;
		};
/* End XCConfigurationList section */
	};
	rootObject = 8CEDDDBF1CCDF8B1007CCBD8 /* Project object */;
}
